
Microsoft Visual Studio Solution File, Format Version 12.00
# Visual Studio Version 17
VisualStudioVersion = 17.14.36408.4
MinimumVisualStudioVersion = 10.0.40219.1
Project("{FAE04EC0-301F-11D3-BF4B-00C04F79EFBC}") = "ProductApi", "ProductApi\ProductApi.csproj", "{F7525CE0-B790-4704-986A-8871EAAB9966}"
EndProject
Project("{2150E333-8FDC-42A3-9474-1A3956D46DE8}") = "Core", "Core", "{02EA681E-C7D8-13C7-8484-4AC65E1B71E8}"
EndProject
Project("{2150E333-8FDC-42A3-9474-1A3956D46DE8}") = "Infrastructure", "Infrastructure", "{03C5DBCC-3578-4A22-B372-1BDA2FECB9C9}"
EndProject
Project("{FAE04EC0-301F-11D3-BF4B-00C04F79EFBC}") = "CaseStudy.Application", "Core\CaseStudy.Application\CaseStudy.Application.csproj", "{438924E6-2934-46F3-AFA5-1A400F0757AE}"
EndProject
Project("{FAE04EC0-301F-11D3-BF4B-00C04F79EFBC}") = "CaseStudy.Domian", "Core\CaseStudy.Domian\CaseStudy.Domian.csproj", "{9BC701CE-1879-4342-A1FC-DC30FE148977}"
EndProject
Project("{FAE04EC0-301F-11D3-BF4B-00C04F79EFBC}") = "CaseStudy.Persistence", "Infrastructure\CaseStudy.Persistence\CaseStudy.Persistence.csproj", "{5E7B7F4C-D85F-4A44-8336-4E0060376F5C}"
EndProject
Project("{2150E333-8FDC-42A3-9474-1A3956D46DE8}") = "Presentation", "Presentation", "{E7C94C91-1DF4-4932-91E2-7D323701B803}"
EndProject
Global
	GlobalSection(SolutionConfigurationPlatforms) = preSolution
		Debug|Any CPU = Debug|Any CPU
		Release|Any CPU = Release|Any CPU
	EndGlobalSection
	GlobalSection(ProjectConfigurationPlatforms) = postSolution
		{F7525CE0-B790-4704-986A-8871EAAB9966}.Debug|Any CPU.ActiveCfg = Debug|Any CPU
		{F7525CE0-B790-4704-986A-8871EAAB9966}.Debug|Any CPU.Build.0 = Debug|Any CPU
		{F7525CE0-B790-4704-986A-8871EAAB9966}.Release|Any CPU.ActiveCfg = Release|Any CPU
		{F7525CE0-B790-4704-986A-8871EAAB9966}.Release|Any CPU.Build.0 = Release|Any CPU
		{438924E6-2934-46F3-AFA5-1A400F0757AE}.Debug|Any CPU.ActiveCfg = Debug|Any CPU
		{438924E6-2934-46F3-AFA5-1A400F0757AE}.Debug|Any CPU.Build.0 = Debug|Any CPU
		{438924E6-2934-46F3-AFA5-1A400F0757AE}.Release|Any CPU.ActiveCfg = Release|Any CPU
		{438924E6-2934-46F3-AFA5-1A400F0757AE}.Release|Any CPU.Build.0 = Release|Any CPU
		{9BC701CE-1879-4342-A1FC-DC30FE148977}.Debug|Any CPU.ActiveCfg = Debug|Any CPU
		{9BC701CE-1879-4342-A1FC-DC30FE148977}.Debug|Any CPU.Build.0 = Debug|Any CPU
		{9BC701CE-1879-4342-A1FC-DC30FE148977}.Release|Any CPU.ActiveCfg = Release|Any CPU
		{9BC701CE-1879-4342-A1FC-DC30FE148977}.Release|Any CPU.Build.0 = Release|Any CPU
		{5E7B7F4C-D85F-4A44-8336-4E0060376F5C}.Debug|Any CPU.ActiveCfg = Debug|Any CPU
		{5E7B7F4C-D85F-4A44-8336-4E0060376F5C}.Debug|Any CPU.Build.0 = Debug|Any CPU
		{5E7B7F4C-D85F-4A44-8336-4E0060376F5C}.Release|Any CPU.ActiveCfg = Release|Any CPU
		{5E7B7F4C-D85F-4A44-8336-4E0060376F5C}.Release|Any CPU.Build.0 = Release|Any CPU
	EndGlobalSection
	GlobalSection(SolutionProperties) = preSolution
		HideSolutionNode = FALSE
	EndGlobalSection
	GlobalSection(NestedProjects) = preSolution
		{F7525CE0-B790-4704-986A-8871EAAB9966} = {E7C94C91-1DF4-4932-91E2-7D323701B803}
		{438924E6-2934-46F3-AFA5-1A400F0757AE} = {02EA681E-C7D8-13C7-8484-4AC65E1B71E8}
		{9BC701CE-1879-4342-A1FC-DC30FE148977} = {02EA681E-C7D8-13C7-8484-4AC65E1B71E8}
		{5E7B7F4C-D85F-4A44-8336-4E0060376F5C} = {03C5DBCC-3578-4A22-B372-1BDA2FECB9C9}
	EndGlobalSection
	GlobalSection(ExtensibilityGlobals) = postSolution
		SolutionGuid = {808A2339-33F2-40EB-8ACA-8D73E5A181C0}
	EndGlobalSection
EndGlobal
